
Microsoft Visual Studio Solution File, Format Version 12.00
# Visual Studio Version 17
VisualStudioVersion = 17.3.32825.248
MinimumVisualStudioVersion = 10.0.40219.1
Project("{FAE04EC0-301F-11D3-BF4B-00C04F79EFBC}") = "ProyectoFinal", "ProyectoFinal\ProyectoFinal.csproj", "{426A6834-8C90-498A-9B9C-7780928CE91E}"
EndProject
Global
	GlobalSection(SolutionConfigurationPlatforms) = preSolution
		Debug|Any CPU = Debug|Any CPU
		Release|Any CPU = Release|Any CPU
	EndGlobalSection
	GlobalSection(ProjectConfigurationPlatforms) = postSolution
		{426A6834-8C90-498A-9B9C-7780928CE91E}.Debug|Any CPU.ActiveCfg = Debug|Any CPU
		{426A6834-8C90-498A-9B9C-7780928CE91E}.Debug|Any CPU.Build.0 = Debug|Any CPU
		{426A6834-8C90-498A-9B9C-7780928CE91E}.Release|Any CPU.ActiveCfg = Release|Any CPU
		{426A6834-8C90-498A-9B9C-7780928CE91E}.Release|Any CPU.Build.0 = Release|Any CPU
	EndGlobalSection
	GlobalSection(SolutionProperties) = preSolution
		HideSolutionNode = FALSE
	EndGlobalSection
	GlobalSection(ExtensibilityGlobals) = postSolution
		SolutionGuid = {F7FDCA5D-8B23-4483-AFB0-AC112E5E6F6F}
	EndGlobalSection
EndGlobal
